// !$*UTF8*$!
{
	archiveVersion = 1;
	classes = {
	};
	objectVersion = 52;
	objects = {

/* Begin PBXBuildFile section */
		1872680424535740301B8AAB /* Pods_MAS_hw1.framework in Frameworks */ = {isa = PBXBuildFile; fileRef = CD638D081056EDCC8D993CFC /* Pods_MAS_hw1.framework */; };
		21CD4FB926EC4BB4009D9A6D /* MAS_hw1App.swift in Sources */ = {isa = PBXBuildFile; fileRef = 21CD4FB826EC4BB4009D9A6D /* MAS_hw1App.swift */; };
		21CD4FBB26EC4BB4009D9A6D /* ContentView.swift in Sources */ = {isa = PBXBuildFile; fileRef = 21CD4FBA26EC4BB4009D9A6D /* ContentView.swift */; };
		21CD4FBD26EC4BB6009D9A6D /* Assets.xcassets in Resources */ = {isa = PBXBuildFile; fileRef = 21CD4FBC26EC4BB6009D9A6D /* Assets.xcassets */; };
		21CD4FC026EC4BB6009D9A6D /* Preview Assets.xcassets in Resources */ = {isa = PBXBuildFile; fileRef = 21CD4FBF26EC4BB6009D9A6D /* Preview Assets.xcassets */; };
		21CD4FCB26EC4BB6009D9A6D /* MAS_hw1Tests.swift in Sources */ = {isa = PBXBuildFile; fileRef = 21CD4FCA26EC4BB6009D9A6D /* MAS_hw1Tests.swift */; };
		21CD4FD626EC4BB6009D9A6D /* MAS_hw1UITests.swift in Sources */ = {isa = PBXBuildFile; fileRef = 21CD4FD526EC4BB6009D9A6D /* MAS_hw1UITests.swift */; };
		7742819A1BF0B03A8594175D /* Pods_MAS_hw1_MAS_hw1UITests.framework in Frameworks */ = {isa = PBXBuildFile; fileRef = 7B80C26522558CE75E069B32 /* Pods_MAS_hw1_MAS_hw1UITests.framework */; };
		78307BF926EC650500509E2A /* GoogleService-Info.plist in Resources */ = {isa = PBXBuildFile; fileRef = 78307BF826EC650500509E2A /* GoogleService-Info.plist */; };
		78307BFC26EC691E00509E2A /* FirebaseFirestore in Frameworks */ = {isa = PBXBuildFile; productRef = 78307BFB26EC691E00509E2A /* FirebaseFirestore */; };
		78307BFE26EC691E00509E2A /* FirebaseFirestoreSwift-Beta in Frameworks */ = {isa = PBXBuildFile; productRef = 78307BFD26EC691E00509E2A /* FirebaseFirestoreSwift-Beta */; };
		96CDD704EB1BF9E1DA9A4D1D /* Pods_MAS_hw1Tests.framework in Frameworks */ = {isa = PBXBuildFile; fileRef = A0ECC5962B2B548160D36FDB /* Pods_MAS_hw1Tests.framework */; };
/* End PBXBuildFile section */

/* Begin PBXContainerItemProxy section */
		21CD4FC726EC4BB6009D9A6D /* PBXContainerItemProxy */ = {
			isa = PBXContainerItemProxy;
			containerPortal = 21CD4FAD26EC4BB4009D9A6D /* Project object */;
			proxyType = 1;
			remoteGlobalIDString = 21CD4FB426EC4BB4009D9A6D;
			remoteInfo = "MAS-hw1";
		};
		21CD4FD226EC4BB6009D9A6D /* PBXContainerItemProxy */ = {
			isa = PBXContainerItemProxy;
			containerPortal = 21CD4FAD26EC4BB4009D9A6D /* Project object */;
			proxyType = 1;
			remoteGlobalIDString = 21CD4FB426EC4BB4009D9A6D;
			remoteInfo = "MAS-hw1";
		};
/* End PBXContainerItemProxy section */

/* Begin PBXFileReference section */
		21CD4FB526EC4BB4009D9A6D /* MAS-hw1.app */ = {isa = PBXFileReference; explicitFileType = wrapper.application; includeInIndex = 0; path = "MAS-hw1.app"; sourceTree = BUILT_PRODUCTS_DIR; };
		21CD4FB826EC4BB4009D9A6D /* MAS_hw1App.swift */ = {isa = PBXFileReference; lastKnownFileType = sourcecode.swift; path = MAS_hw1App.swift; sourceTree = "<group>"; };
		21CD4FBA26EC4BB4009D9A6D /* ContentView.swift */ = {isa = PBXFileReference; lastKnownFileType = sourcecode.swift; path = ContentView.swift; sourceTree = "<group>"; };
		21CD4FBC26EC4BB6009D9A6D /* Assets.xcassets */ = {isa = PBXFileReference; lastKnownFileType = folder.assetcatalog; path = Assets.xcassets; sourceTree = "<group>"; };
		21CD4FBF26EC4BB6009D9A6D /* Preview Assets.xcassets */ = {isa = PBXFileReference; lastKnownFileType = folder.assetcatalog; path = "Preview Assets.xcassets"; sourceTree = "<group>"; };
		21CD4FC126EC4BB6009D9A6D /* Info.plist */ = {isa = PBXFileReference; lastKnownFileType = text.plist.xml; path = Info.plist; sourceTree = "<group>"; };
		21CD4FC626EC4BB6009D9A6D /* MAS-hw1Tests.xctest */ = {isa = PBXFileReference; explicitFileType = wrapper.cfbundle; includeInIndex = 0; path = "MAS-hw1Tests.xctest"; sourceTree = BUILT_PRODUCTS_DIR; };
		21CD4FCA26EC4BB6009D9A6D /* MAS_hw1Tests.swift */ = {isa = PBXFileReference; lastKnownFileType = sourcecode.swift; path = MAS_hw1Tests.swift; sourceTree = "<group>"; };
		21CD4FCC26EC4BB6009D9A6D /* Info.plist */ = {isa = PBXFileReference; lastKnownFileType = text.plist.xml; path = Info.plist; sourceTree = "<group>"; };
		21CD4FD126EC4BB6009D9A6D /* MAS-hw1UITests.xctest */ = {isa = PBXFileReference; explicitFileType = wrapper.cfbundle; includeInIndex = 0; path = "MAS-hw1UITests.xctest"; sourceTree = BUILT_PRODUCTS_DIR; };
		21CD4FD526EC4BB6009D9A6D /* MAS_hw1UITests.swift */ = {isa = PBXFileReference; lastKnownFileType = sourcecode.swift; path = MAS_hw1UITests.swift; sourceTree = "<group>"; };
		21CD4FD726EC4BB6009D9A6D /* Info.plist */ = {isa = PBXFileReference; lastKnownFileType = text.plist.xml; path = Info.plist; sourceTree = "<group>"; };
		4AD11A0FDE9BC93CD2F1C308 /* Pods-MAS-hw1.release.xcconfig */ = {isa = PBXFileReference; includeInIndex = 1; lastKnownFileType = text.xcconfig; name = "Pods-MAS-hw1.release.xcconfig"; path = "Target Support Files/Pods-MAS-hw1/Pods-MAS-hw1.release.xcconfig"; sourceTree = "<group>"; };
		5135FC226714956237C9C65E /* Pods-MAS-hw1Tests.release.xcconfig */ = {isa = PBXFileReference; includeInIndex = 1; lastKnownFileType = text.xcconfig; name = "Pods-MAS-hw1Tests.release.xcconfig"; path = "Target Support Files/Pods-MAS-hw1Tests/Pods-MAS-hw1Tests.release.xcconfig"; sourceTree = "<group>"; };
		78307BF826EC650500509E2A /* GoogleService-Info.plist */ = {isa = PBXFileReference; fileEncoding = 4; lastKnownFileType = text.plist.xml; name = "GoogleService-Info.plist"; path = "../../../../../Downloads/GoogleService-Info.plist"; sourceTree = "<group>"; };
		788F44CCAC1AACA7A2CD0050 /* Pods-MAS-hw1-MAS-hw1UITests.release.xcconfig */ = {isa = PBXFileReference; includeInIndex = 1; lastKnownFileType = text.xcconfig; name = "Pods-MAS-hw1-MAS-hw1UITests.release.xcconfig"; path = "Target Support Files/Pods-MAS-hw1-MAS-hw1UITests/Pods-MAS-hw1-MAS-hw1UITests.release.xcconfig"; sourceTree = "<group>"; };
		7B80C26522558CE75E069B32 /* Pods_MAS_hw1_MAS_hw1UITests.framework */ = {isa = PBXFileReference; explicitFileType = wrapper.framework; includeInIndex = 0; path = Pods_MAS_hw1_MAS_hw1UITests.framework; sourceTree = BUILT_PRODUCTS_DIR; };
		803A559635EADA0E436611A2 /* Pods-MAS-hw1Tests.debug.xcconfig */ = {isa = PBXFileReference; includeInIndex = 1; lastKnownFileType = text.xcconfig; name = "Pods-MAS-hw1Tests.debug.xcconfig"; path = "Target Support Files/Pods-MAS-hw1Tests/Pods-MAS-hw1Tests.debug.xcconfig"; sourceTree = "<group>"; };
		A0ECC5962B2B548160D36FDB /* Pods_MAS_hw1Tests.framework */ = {isa = PBXFileReference; explicitFileType = wrapper.framework; includeInIndex = 0; path = Pods_MAS_hw1Tests.framework; sourceTree = BUILT_PRODUCTS_DIR; };
		A702D6F9C41956D903D8D638 /* Pods-MAS-hw1.debug.xcconfig */ = {isa = PBXFileReference; includeInIndex = 1; lastKnownFileType = text.xcconfig; name = "Pods-MAS-hw1.debug.xcconfig"; path = "Target Support Files/Pods-MAS-hw1/Pods-MAS-hw1.debug.xcconfig"; sourceTree = "<group>"; };
		CD638D081056EDCC8D993CFC /* Pods_MAS_hw1.framework */ = {isa = PBXFileReference; explicitFileType = wrapper.framework; includeInIndex = 0; path = Pods_MAS_hw1.framework; sourceTree = BUILT_PRODUCTS_DIR; };
		D78BB3A6D8EDD73B830612C3 /* Pods-MAS-hw1-MAS-hw1UITests.debug.xcconfig */ = {isa = PBXFileReference; includeInIndex = 1; lastKnownFileType = text.xcconfig; name = "Pods-MAS-hw1-MAS-hw1UITests.debug.xcconfig"; path = "Target Support Files/Pods-MAS-hw1-MAS-hw1UITests/Pods-MAS-hw1-MAS-hw1UITests.debug.xcconfig"; sourceTree = "<group>"; };
/* End PBXFileReference section */

/* Begin PBXFrameworksBuildPhase section */
		21CD4FB226EC4BB4009D9A6D /* Frameworks */ = {
			isa = PBXFrameworksBuildPhase;
			buildActionMask = 2147483647;
			files = (
				78307BFE26EC691E00509E2A /* FirebaseFirestoreSwift-Beta in Frameworks */,
				1872680424535740301B8AAB /* Pods_MAS_hw1.framework in Frameworks */,
				78307BFC26EC691E00509E2A /* FirebaseFirestore in Frameworks */,
			);
			runOnlyForDeploymentPostprocessing = 0;
		};
		21CD4FC326EC4BB6009D9A6D /* Frameworks */ = {
			isa = PBXFrameworksBuildPhase;
			buildActionMask = 2147483647;
			files = (
				96CDD704EB1BF9E1DA9A4D1D /* Pods_MAS_hw1Tests.framework in Frameworks */,
			);
			runOnlyForDeploymentPostprocessing = 0;
		};
		21CD4FCE26EC4BB6009D9A6D /* Frameworks */ = {
			isa = PBXFrameworksBuildPhase;
			buildActionMask = 2147483647;
			files = (
				7742819A1BF0B03A8594175D /* Pods_MAS_hw1_MAS_hw1UITests.framework in Frameworks */,
			);
			runOnlyForDeploymentPostprocessing = 0;
		};
/* End PBXFrameworksBuildPhase section */

/* Begin PBXGroup section */
		1AEF2F657B8BA24225236C00 /* Pods */ = {
			isa = PBXGroup;
			children = (
				A702D6F9C41956D903D8D638 /* Pods-MAS-hw1.debug.xcconfig */,
				4AD11A0FDE9BC93CD2F1C308 /* Pods-MAS-hw1.release.xcconfig */,
				D78BB3A6D8EDD73B830612C3 /* Pods-MAS-hw1-MAS-hw1UITests.debug.xcconfig */,
				788F44CCAC1AACA7A2CD0050 /* Pods-MAS-hw1-MAS-hw1UITests.release.xcconfig */,
				803A559635EADA0E436611A2 /* Pods-MAS-hw1Tests.debug.xcconfig */,
				5135FC226714956237C9C65E /* Pods-MAS-hw1Tests.release.xcconfig */,
			);
			path = Pods;
			sourceTree = "<group>";
		};
		21CD4FAC26EC4BB4009D9A6D = {
			isa = PBXGroup;
			children = (
				21CD4FB726EC4BB4009D9A6D /* MAS-hw1 */,
				21CD4FC926EC4BB6009D9A6D /* MAS-hw1Tests */,
				21CD4FD426EC4BB6009D9A6D /* MAS-hw1UITests */,
				21CD4FB626EC4BB4009D9A6D /* Products */,
				1AEF2F657B8BA24225236C00 /* Pods */,
				6973F80C467766953F6FAF9A /* Frameworks */,
			);
			sourceTree = "<group>";
		};
		21CD4FB626EC4BB4009D9A6D /* Products */ = {
			isa = PBXGroup;
			children = (
				21CD4FB526EC4BB4009D9A6D /* MAS-hw1.app */,
				21CD4FC626EC4BB6009D9A6D /* MAS-hw1Tests.xctest */,
				21CD4FD126EC4BB6009D9A6D /* MAS-hw1UITests.xctest */,
			);
			name = Products;
			sourceTree = "<group>";
		};
		21CD4FB726EC4BB4009D9A6D /* MAS-hw1 */ = {
			isa = PBXGroup;
			children = (
				78307BF826EC650500509E2A /* GoogleService-Info.plist */,
				21CD4FB826EC4BB4009D9A6D /* MAS_hw1App.swift */,
				21CD4FBA26EC4BB4009D9A6D /* ContentView.swift */,
				21CD4FBC26EC4BB6009D9A6D /* Assets.xcassets */,
				21CD4FC126EC4BB6009D9A6D /* Info.plist */,
				21CD4FBE26EC4BB6009D9A6D /* Preview Content */,
			);
			path = "MAS-hw1";
			sourceTree = "<group>";
		};
		21CD4FBE26EC4BB6009D9A6D /* Preview Content */ = {
			isa = PBXGroup;
			children = (
				21CD4FBF26EC4BB6009D9A6D /* Preview Assets.xcassets */,
			);
			path = "Preview Content";
			sourceTree = "<group>";
		};
		21CD4FC926EC4BB6009D9A6D /* MAS-hw1Tests */ = {
			isa = PBXGroup;
			children = (
				21CD4FCA26EC4BB6009D9A6D /* MAS_hw1Tests.swift */,
				21CD4FCC26EC4BB6009D9A6D /* Info.plist */,
			);
			path = "MAS-hw1Tests";
			sourceTree = "<group>";
		};
		21CD4FD426EC4BB6009D9A6D /* MAS-hw1UITests */ = {
			isa = PBXGroup;
			children = (
				21CD4FD526EC4BB6009D9A6D /* MAS_hw1UITests.swift */,
				21CD4FD726EC4BB6009D9A6D /* Info.plist */,
			);
			path = "MAS-hw1UITests";
			sourceTree = "<group>";
		};
		6973F80C467766953F6FAF9A /* Frameworks */ = {
			isa = PBXGroup;
			children = (
				CD638D081056EDCC8D993CFC /* Pods_MAS_hw1.framework */,
				7B80C26522558CE75E069B32 /* Pods_MAS_hw1_MAS_hw1UITests.framework */,
				A0ECC5962B2B548160D36FDB /* Pods_MAS_hw1Tests.framework */,
			);
			name = Frameworks;
			sourceTree = "<group>";
		};
/* End PBXGroup section */

/* Begin PBXNativeTarget section */
		21CD4FB426EC4BB4009D9A6D /* MAS-hw1 */ = {
			isa = PBXNativeTarget;
			buildConfigurationList = 21CD4FDA26EC4BB6009D9A6D /* Build configuration list for PBXNativeTarget "MAS-hw1" */;
			buildPhases = (
				2A8D00FCF77D0F45CE513112 /* [CP] Check Pods Manifest.lock */,
				21CD4FB126EC4BB4009D9A6D /* Sources */,
				21CD4FB226EC4BB4009D9A6D /* Frameworks */,
				21CD4FB326EC4BB4009D9A6D /* Resources */,
			);
			buildRules = (
			);
			dependencies = (
			);
			name = "MAS-hw1";
			packageProductDependencies = (
				78307BFB26EC691E00509E2A /* FirebaseFirestore */,
				78307BFD26EC691E00509E2A /* FirebaseFirestoreSwift-Beta */,
			);
			productName = "MAS-hw1";
			productReference = 21CD4FB526EC4BB4009D9A6D /* MAS-hw1.app */;
			productType = "com.apple.product-type.application";
		};
		21CD4FC526EC4BB6009D9A6D /* MAS-hw1Tests */ = {
			isa = PBXNativeTarget;
			buildConfigurationList = 21CD4FDD26EC4BB6009D9A6D /* Build configuration list for PBXNativeTarget "MAS-hw1Tests" */;
			buildPhases = (
				6B9A2FCB753584C179E3ECE1 /* [CP] Check Pods Manifest.lock */,
				21CD4FC226EC4BB6009D9A6D /* Sources */,
				21CD4FC326EC4BB6009D9A6D /* Frameworks */,
				21CD4FC426EC4BB6009D9A6D /* Resources */,
			);
			buildRules = (
			);
			dependencies = (
				21CD4FC826EC4BB6009D9A6D /* PBXTargetDependency */,
			);
			name = "MAS-hw1Tests";
			productName = "MAS-hw1Tests";
			productReference = 21CD4FC626EC4BB6009D9A6D /* MAS-hw1Tests.xctest */;
			productType = "com.apple.product-type.bundle.unit-test";
		};
		21CD4FD026EC4BB6009D9A6D /* MAS-hw1UITests */ = {
			isa = PBXNativeTarget;
			buildConfigurationList = 21CD4FE026EC4BB6009D9A6D /* Build configuration list for PBXNativeTarget "MAS-hw1UITests" */;
			buildPhases = (
				2983E318908FC209F17EE2C6 /* [CP] Check Pods Manifest.lock */,
				21CD4FCD26EC4BB6009D9A6D /* Sources */,
				21CD4FCE26EC4BB6009D9A6D /* Frameworks */,
				21CD4FCF26EC4BB6009D9A6D /* Resources */,
			);
			buildRules = (
			);
			dependencies = (
				21CD4FD326EC4BB6009D9A6D /* PBXTargetDependency */,
			);
			name = "MAS-hw1UITests";
			productName = "MAS-hw1UITests";
			productReference = 21CD4FD126EC4BB6009D9A6D /* MAS-hw1UITests.xctest */;
			productType = "com.apple.product-type.bundle.ui-testing";
		};
/* End PBXNativeTarget section */

/* Begin PBXProject section */
		21CD4FAD26EC4BB4009D9A6D /* Project object */ = {
			isa = PBXProject;
			attributes = {
				LastSwiftUpdateCheck = 1250;
				LastUpgradeCheck = 1250;
				TargetAttributes = {
					21CD4FB426EC4BB4009D9A6D = {
						CreatedOnToolsVersion = 12.5.1;
					};
					21CD4FC526EC4BB6009D9A6D = {
						CreatedOnToolsVersion = 12.5.1;
						TestTargetID = 21CD4FB426EC4BB4009D9A6D;
					};
					21CD4FD026EC4BB6009D9A6D = {
						CreatedOnToolsVersion = 12.5.1;
						TestTargetID = 21CD4FB426EC4BB4009D9A6D;
					};
				};
			};
			buildConfigurationList = 21CD4FB026EC4BB4009D9A6D /* Build configuration list for PBXProject "MAS-hw1" */;
			compatibilityVersion = "Xcode 9.3";
			developmentRegion = en;
			hasScannedForEncodings = 0;
			knownRegions = (
				en,
				Base,
			);
			mainGroup = 21CD4FAC26EC4BB4009D9A6D;
			packageReferences = (
				78307BFA26EC691E00509E2A /* XCRemoteSwiftPackageReference "firebase-ios-sdk" */,
			);
			productRefGroup = 21CD4FB626EC4BB4009D9A6D /* Products */;
			projectDirPath = "";
			projectRoot = "";
			targets = (
				21CD4FB426EC4BB4009D9A6D /* MAS-hw1 */,
				21CD4FC526EC4BB6009D9A6D /* MAS-hw1Tests */,
				21CD4FD026EC4BB6009D9A6D /* MAS-hw1UITests */,
			);
		};
/* End PBXProject section */

/* Begin PBXResourcesBuildPhase section */
		21CD4FB326EC4BB4009D9A6D /* Resources */ = {
			isa = PBXResourcesBuildPhase;
			buildActionMask = 2147483647;
			files = (
				21CD4FC026EC4BB6009D9A6D /* Preview Assets.xcassets in Resources */,
				21CD4FBD26EC4BB6009D9A6D /* Assets.xcassets in Resources */,
				78307BF926EC650500509E2A /* GoogleService-Info.plist in Resources */,
			);
			runOnlyForDeploymentPostprocessing = 0;
		};
		21CD4FC426EC4BB6009D9A6D /* Resources */ = {
			isa = PBXResourcesBuildPhase;
			buildActionMask = 2147483647;
			files = (
			);
			runOnlyForDeploymentPostprocessing = 0;
		};
		21CD4FCF26EC4BB6009D9A6D /* Resources */ = {
			isa = PBXResourcesBuildPhase;
			buildActionMask = 2147483647;
			files = (
			);
			runOnlyForDeploymentPostprocessing = 0;
		};
/* End PBXResourcesBuildPhase section */

/* Begin PBXShellScriptBuildPhase section */
		2983E318908FC209F17EE2C6 /* [CP] Check Pods Manifest.lock */ = {
			isa = PBXShellScriptBuildPhase;
			buildActionMask = 2147483647;
			files = (
			);
			inputFileListPaths = (
			);
			inputPaths = (
				"${PODS_PODFILE_DIR_PATH}/Podfile.lock",
				"${PODS_ROOT}/Manifest.lock",
			);
			name = "[CP] Check Pods Manifest.lock";
			outputFileListPaths = (
			);
			outputPaths = (
				"$(DERIVED_FILE_DIR)/Pods-MAS-hw1-MAS-hw1UITests-checkManifestLockResult.txt",
			);
			runOnlyForDeploymentPostprocessing = 0;
			shellPath = /bin/sh;
			shellScript = "diff \"${PODS_PODFILE_DIR_PATH}/Podfile.lock\" \"${PODS_ROOT}/Manifest.lock\" > /dev/null\nif [ $? != 0 ] ; then\n    # print error to STDERR\n    echo \"error: The sandbox is not in sync with the Podfile.lock. Run 'pod install' or update your CocoaPods installation.\" >&2\n    exit 1\nfi\n# This output is used by Xcode 'outputs' to avoid re-running this script phase.\necho \"SUCCESS\" > \"${SCRIPT_OUTPUT_FILE_0}\"\n";
			showEnvVarsInLog = 0;
		};
		2A8D00FCF77D0F45CE513112 /* [CP] Check Pods Manifest.lock */ = {
			isa = PBXShellScriptBuildPhase;
			buildActionMask = 2147483647;
			files = (
			);
			inputFileListPaths = (
			);
			inputPaths = (
				"${PODS_PODFILE_DIR_PATH}/Podfile.lock",
				"${PODS_ROOT}/Manifest.lock",
			);
			name = "[CP] Check Pods Manifest.lock";
			outputFileListPaths = (
			);
			outputPaths = (
				"$(DERIVED_FILE_DIR)/Pods-MAS-hw1-checkManifestLockResult.txt",
			);
			runOnlyForDeploymentPostprocessing = 0;
			shellPath = /bin/sh;
			shellScript = "diff \"${PODS_PODFILE_DIR_PATH}/Podfile.lock\" \"${PODS_ROOT}/Manifest.lock\" > /dev/null\nif [ $? != 0 ] ; then\n    # print error to STDERR\n    echo \"error: The sandbox is not in sync with the Podfile.lock. Run 'pod install' or update your CocoaPods installation.\" >&2\n    exit 1\nfi\n# This output is used by Xcode 'outputs' to avoid re-running this script phase.\necho \"SUCCESS\" > \"${SCRIPT_OUTPUT_FILE_0}\"\n";
			showEnvVarsInLog = 0;
		};
		6B9A2FCB753584C179E3ECE1 /* [CP] Check Pods Manifest.lock */ = {
			isa = PBXShellScriptBuildPhase;
			buildActionMask = 2147483647;
			files = (
			);
			inputFileListPaths = (
			);
			inputPaths = (
				"${PODS_PODFILE_DIR_PATH}/Podfile.lock",
				"${PODS_ROOT}/Manifest.lock",
			);
			name = "[CP] Check Pods Manifest.lock";
			outputFileListPaths = (
			);
			outputPaths = (
				"$(DERIVED_FILE_DIR)/Pods-MAS-hw1Tests-checkManifestLockResult.txt",
			);
			runOnlyForDeploymentPostprocessing = 0;
			shellPath = /bin/sh;
			shellScript = "diff \"${PODS_PODFILE_DIR_PATH}/Podfile.lock\" \"${PODS_ROOT}/Manifest.lock\" > /dev/null\nif [ $? != 0 ] ; then\n    # print error to STDERR\n    echo \"error: The sandbox is not in sync with the Podfile.lock. Run 'pod install' or update your CocoaPods installation.\" >&2\n    exit 1\nfi\n# This output is used by Xcode 'outputs' to avoid re-running this script phase.\necho \"SUCCESS\" > \"${SCRIPT_OUTPUT_FILE_0}\"\n";
			showEnvVarsInLog = 0;
		};
/* End PBXShellScriptBuildPhase section */

/* Begin PBXSourcesBuildPhase section */
		21CD4FB126EC4BB4009D9A6D /* Sources */ = {
			isa = PBXSourcesBuildPhase;
			buildActionMask = 2147483647;
			files = (
				21CD4FBB26EC4BB4009D9A6D /* ContentView.swift in Sources */,
				21CD4FB926EC4BB4009D9A6D /* MAS_hw1App.swift in Sources */,
			);
			runOnlyForDeploymentPostprocessing = 0;
		};
		21CD4FC226EC4BB6009D9A6D /* Sources */ = {
			isa = PBXSourcesBuildPhase;
			buildActionMask = 2147483647;
			files = (
				21CD4FCB26EC4BB6009D9A6D /* MAS_hw1Tests.swift in Sources */,
			);
			runOnlyForDeploymentPostprocessing = 0;
		};
		21CD4FCD26EC4BB6009D9A6D /* Sources */ = {
			isa = PBXSourcesBuildPhase;
			buildActionMask = 2147483647;
			files = (
				21CD4FD626EC4BB6009D9A6D /* MAS_hw1UITests.swift in Sources */,
			);
			runOnlyForDeploymentPostprocessing = 0;
		};
/* End PBXSourcesBuildPhase section */

/* Begin PBXTargetDependency section */
		21CD4FC826EC4BB6009D9A6D /* PBXTargetDependency */ = {
			isa = PBXTargetDependency;
			target = 21CD4FB426EC4BB4009D9A6D /* MAS-hw1 */;
			targetProxy = 21CD4FC726EC4BB6009D9A6D /* PBXContainerItemProxy */;
		};
		21CD4FD326EC4BB6009D9A6D /* PBXTargetDependency */ = {
			isa = PBXTargetDependency;
			target = 21CD4FB426EC4BB4009D9A6D /* MAS-hw1 */;
			targetProxy = 21CD4FD226EC4BB6009D9A6D /* PBXContainerItemProxy */;
		};
/* End PBXTargetDependency section */

/* Begin XCBuildConfiguration section */
		21CD4FD826EC4BB6009D9A6D /* Debug */ = {
			isa = XCBuildConfiguration;
			buildSettings = {
				ALWAYS_SEARCH_USER_PATHS = NO;
				CLANG_ANALYZER_NONNULL = YES;
				CLANG_ANALYZER_NUMBER_OBJECT_CONVERSION = YES_AGGRESSIVE;
				CLANG_CXX_LANGUAGE_STANDARD = "gnu++14";
				CLANG_CXX_LIBRARY = "libc++";
				CLANG_ENABLE_MODULES = YES;
				CLANG_ENABLE_OBJC_ARC = YES;
				CLANG_ENABLE_OBJC_WEAK = YES;
				CLANG_WARN_BLOCK_CAPTURE_AUTORELEASING = YES;
				CLANG_WARN_BOOL_CONVERSION = YES;
				CLANG_WARN_COMMA = YES;
				CLANG_WARN_CONSTANT_CONVERSION = YES;
				CLANG_WARN_DEPRECATED_OBJC_IMPLEMENTATIONS = YES;
				CLANG_WARN_DIRECT_OBJC_ISA_USAGE = YES_ERROR;
				CLANG_WARN_DOCUMENTATION_COMMENTS = YES;
				CLANG_WARN_EMPTY_BODY = YES;
				CLANG_WARN_ENUM_CONVERSION = YES;
				CLANG_WARN_INFINITE_RECURSION = YES;
				CLANG_WARN_INT_CONVERSION = YES;
				CLANG_WARN_NON_LITERAL_NULL_CONVERSION = YES;
				CLANG_WARN_OBJC_IMPLICIT_RETAIN_SELF = YES;
				CLANG_WARN_OBJC_LITERAL_CONVERSION = YES;
				CLANG_WARN_OBJC_ROOT_CLASS = YES_ERROR;
				CLANG_WARN_QUOTED_INCLUDE_IN_FRAMEWORK_HEADER = YES;
				CLANG_WARN_RANGE_LOOP_ANALYSIS = YES;
				CLANG_WARN_STRICT_PROTOTYPES = YES;
				CLANG_WARN_SUSPICIOUS_MOVE = YES;
				CLANG_WARN_UNGUARDED_AVAILABILITY = YES_AGGRESSIVE;
				CLANG_WARN_UNREACHABLE_CODE = YES;
				CLANG_WARN__DUPLICATE_METHOD_MATCH = YES;
				COPY_PHASE_STRIP = NO;
				DEBUG_INFORMATION_FORMAT = dwarf;
				ENABLE_STRICT_OBJC_MSGSEND = YES;
				ENABLE_TESTABILITY = YES;
				GCC_C_LANGUAGE_STANDARD = gnu11;
				GCC_DYNAMIC_NO_PIC = NO;
				GCC_NO_COMMON_BLOCKS = YES;
				GCC_OPTIMIZATION_LEVEL = 0;
				GCC_PREPROCESSOR_DEFINITIONS = (
					"DEBUG=1",
					"$(inherited)",
				);
				GCC_WARN_64_TO_32_BIT_CONVERSION = YES;
				GCC_WARN_ABOUT_RETURN_TYPE = YES_ERROR;
				GCC_WARN_UNDECLARED_SELECTOR = YES;
				GCC_WARN_UNINITIALIZED_AUTOS = YES_AGGRESSIVE;
				GCC_WARN_UNUSED_FUNCTION = YES;
				GCC_WARN_UNUSED_VARIABLE = YES;
				IPHONEOS_DEPLOYMENT_TARGET = 14.5;
				MTL_ENABLE_DEBUG_INFO = INCLUDE_SOURCE;
				MTL_FAST_MATH = YES;
				ONLY_ACTIVE_ARCH = YES;
				SDKROOT = iphoneos;
				SWIFT_ACTIVE_COMPILATION_CONDITIONS = DEBUG;
				SWIFT_OPTIMIZATION_LEVEL = "-Onone";
			};
			name = Debug;
		};
		21CD4FD926EC4BB6009D9A6D /* Release */ = {
			isa = XCBuildConfiguration;
			buildSettings = {
				ALWAYS_SEARCH_USER_PATHS = NO;
				CLANG_ANALYZER_NONNULL = YES;
				CLANG_ANALYZER_NUMBER_OBJECT_CONVERSION = YES_AGGRESSIVE;
				CLANG_CXX_LANGUAGE_STANDARD = "gnu++14";
				CLANG_CXX_LIBRARY = "libc++";
				CLANG_ENABLE_MODULES = YES;
				CLANG_ENABLE_OBJC_ARC = YES;
				CLANG_ENABLE_OBJC_WEAK = YES;
				CLANG_WARN_BLOCK_CAPTURE_AUTORELEASING = YES;
				CLANG_WARN_BOOL_CONVERSION = YES;
				CLANG_WARN_COMMA = YES;
				CLANG_WARN_CONSTANT_CONVERSION = YES;
				CLANG_WARN_DEPRECATED_OBJC_IMPLEMENTATIONS = YES;
				CLANG_WARN_DIRECT_OBJC_ISA_USAGE = YES_ERROR;
				CLANG_WARN_DOCUMENTATION_COMMENTS = YES;
				CLANG_WARN_EMPTY_BODY = YES;
				CLANG_WARN_ENUM_CONVERSION = YES;
				CLANG_WARN_INFINITE_RECURSION = YES;
				CLANG_WARN_INT_CONVERSION = YES;
				CLANG_WARN_NON_LITERAL_NULL_CONVERSION = YES;
				CLANG_WARN_OBJC_IMPLICIT_RETAIN_SELF = YES;
				CLANG_WARN_OBJC_LITERAL_CONVERSION = YES;
				CLANG_WARN_OBJC_ROOT_CLASS = YES_ERROR;
				CLANG_WARN_QUOTED_INCLUDE_IN_FRAMEWORK_HEADER = YES;
				CLANG_WARN_RANGE_LOOP_ANALYSIS = YES;
				CLANG_WARN_STRICT_PROTOTYPES = YES;
				CLANG_WARN_SUSPICIOUS_MOVE = YES;
				CLANG_WARN_UNGUARDED_AVAILABILITY = YES_AGGRESSIVE;
				CLANG_WARN_UNREACHABLE_CODE = YES;
				CLANG_WARN__DUPLICATE_METHOD_MATCH = YES;
				COPY_PHASE_STRIP = NO;
				DEBUG_INFORMATION_FORMAT = "dwarf-with-dsym";
				ENABLE_NS_ASSERTIONS = NO;
				ENABLE_STRICT_OBJC_MSGSEND = YES;
				GCC_C_LANGUAGE_STANDARD = gnu11;
				GCC_NO_COMMON_BLOCKS = YES;
				GCC_WARN_64_TO_32_BIT_CONVERSION = YES;
				GCC_WARN_ABOUT_RETURN_TYPE = YES_ERROR;
				GCC_WARN_UNDECLARED_SELECTOR = YES;
				GCC_WARN_UNINITIALIZED_AUTOS = YES_AGGRESSIVE;
				GCC_WARN_UNUSED_FUNCTION = YES;
				GCC_WARN_UNUSED_VARIABLE = YES;
				IPHONEOS_DEPLOYMENT_TARGET = 14.5;
				MTL_ENABLE_DEBUG_INFO = NO;
				MTL_FAST_MATH = YES;
				SDKROOT = iphoneos;
				SWIFT_COMPILATION_MODE = wholemodule;
				SWIFT_OPTIMIZATION_LEVEL = "-O";
				VALIDATE_PRODUCT = YES;
			};
			name = Release;
		};
		21CD4FDB26EC4BB6009D9A6D /* Debug */ = {
			isa = XCBuildConfiguration;
			baseConfigurationReference = A702D6F9C41956D903D8D638 /* Pods-MAS-hw1.debug.xcconfig */;
			buildSettings = {
				ASSETCATALOG_COMPILER_APPICON_NAME = AppIcon;
				ASSETCATALOG_COMPILER_GLOBAL_ACCENT_COLOR_NAME = AccentColor;
				CODE_SIGN_STYLE = Automatic;
				DEVELOPMENT_ASSET_PATHS = "\"MAS-hw1/Preview Content\"";
				ENABLE_PREVIEWS = YES;
				INFOPLIST_FILE = "MAS-hw1/Info.plist";
				IPHONEOS_DEPLOYMENT_TARGET = 14.0;
				LD_RUNPATH_SEARCH_PATHS = (
					"$(inherited)",
					"@executable_path/Frameworks",
				);
				PRODUCT_BUNDLE_IDENTIFIER = "themark.MAS-hw1";
				PRODUCT_NAME = "$(TARGET_NAME)";
				SWIFT_VERSION = 5.0;
				TARGETED_DEVICE_FAMILY = "1,2";
			};
			name = Debug;
		};
		21CD4FDC26EC4BB6009D9A6D /* Release */ = {
			isa = XCBuildConfiguration;
			baseConfigurationReference = 4AD11A0FDE9BC93CD2F1C308 /* Pods-MAS-hw1.release.xcconfig */;
			buildSettings = {
				ASSETCATALOG_COMPILER_APPICON_NAME = AppIcon;
				ASSETCATALOG_COMPILER_GLOBAL_ACCENT_COLOR_NAME = AccentColor;
				CODE_SIGN_STYLE = Automatic;
				DEVELOPMENT_ASSET_PATHS = "\"MAS-hw1/Preview Content\"";
				ENABLE_PREVIEWS = YES;
				INFOPLIST_FILE = "MAS-hw1/Info.plist";
				IPHONEOS_DEPLOYMENT_TARGET = 14.0;
				LD_RUNPATH_SEARCH_PATHS = (
					"$(inherited)",
					"@executable_path/Frameworks",
				);
				PRODUCT_BUNDLE_IDENTIFIER = "themark.MAS-hw1";
				PRODUCT_NAME = "$(TARGET_NAME)";
				SWIFT_VERSION = 5.0;
				TARGETED_DEVICE_FAMILY = "1,2";
			};
			name = Release;
		};
		21CD4FDE26EC4BB6009D9A6D /* Debug */ = {
			isa = XCBuildConfiguration;
			baseConfigurationReference = 803A559635EADA0E436611A2 /* Pods-MAS-hw1Tests.debug.xcconfig */;
			buildSettings = {
				ALWAYS_EMBED_SWIFT_STANDARD_LIBRARIES = YES;
				BUNDLE_LOADER = "$(TEST_HOST)";
				CODE_SIGN_STYLE = Automatic;
				INFOPLIST_FILE = "MAS-hw1Tests/Info.plist";
				IPHONEOS_DEPLOYMENT_TARGET = 14.0;
				LD_RUNPATH_SEARCH_PATHS = (
					"$(inherited)",
					"@executable_path/Frameworks",
					"@loader_path/Frameworks",
				);
				PRODUCT_BUNDLE_IDENTIFIER = "themark.MAS-hw1Tests";
				PRODUCT_NAME = "$(TARGET_NAME)";
				SWIFT_VERSION = 5.0;
				TARGETED_DEVICE_FAMILY = "1,2";
				TEST_HOST = "$(BUILT_PRODUCTS_DIR)/MAS-hw1.app/MAS-hw1";
			};
			name = Debug;
		};
		21CD4FDF26EC4BB6009D9A6D /* Release */ = {
			isa = XCBuildConfiguration;
			baseConfigurationReference = 5135FC226714956237C9C65E /* Pods-MAS-hw1Tests.release.xcconfig */;
			buildSettings = {
				ALWAYS_EMBED_SWIFT_STANDARD_LIBRARIES = YES;
				BUNDLE_LOADER = "$(TEST_HOST)";
				CODE_SIGN_STYLE = Automatic;
				INFOPLIST_FILE = "MAS-hw1Tests/Info.plist";
				IPHONEOS_DEPLOYMENT_TARGET = 14.0;
				LD_RUNPATH_SEARCH_PATHS = (
					"$(inherited)",
					"@executable_path/Frameworks",
					"@loader_path/Frameworks",
				);
				PRODUCT_BUNDLE_IDENTIFIER = "themark.MAS-hw1Tests";
				PRODUCT_NAME = "$(TARGET_NAME)";
				SWIFT_VERSION = 5.0;
				TARGETED_DEVICE_FAMILY = "1,2";
				TEST_HOST = "$(BUILT_PRODUCTS_DIR)/MAS-hw1.app/MAS-hw1";
			};
			name = Release;
		};
		21CD4FE126EC4BB6009D9A6D /* Debug */ = {
			isa = XCBuildConfiguration;
			baseConfigurationReference = D78BB3A6D8EDD73B830612C3 /* Pods-MAS-hw1-MAS-hw1UITests.debug.xcconfig */;
			buildSettings = {
				ALWAYS_EMBED_SWIFT_STANDARD_LIBRARIES = YES;
				CODE_SIGN_STYLE = Automatic;
				INFOPLIST_FILE = "MAS-hw1UITests/Info.plist";
				LD_RUNPATH_SEARCH_PATHS = (
					"$(inherited)",
					"@executable_path/Frameworks",
					"@loader_path/Frameworks",
				);
				PRODUCT_BUNDLE_IDENTIFIER = "themark.MAS-hw1UITests";
				PRODUCT_NAME = "$(TARGET_NAME)";
				SWIFT_VERSION = 5.0;
				TARGETED_DEVICE_FAMILY = "1,2";
				TEST_TARGET_NAME = "MAS-hw1";
			};
			name = Debug;
		};
		21CD4FE226EC4BB6009D9A6D /* Release */ = {
			isa = XCBuildConfiguration;
			baseConfigurationReference = 788F44CCAC1AACA7A2CD0050 /* Pods-MAS-hw1-MAS-hw1UITests.release.xcconfig */;
			buildSettings = {
				ALWAYS_EMBED_SWIFT_STANDARD_LIBRARIES = YES;
				CODE_SIGN_STYLE = Automatic;
				INFOPLIST_FILE = "MAS-hw1UITests/Info.plist";
				LD_RUNPATH_SEARCH_PATHS = (
					"$(inherited)",
					"@executable_path/Frameworks",
					"@loader_path/Frameworks",
				);
				PRODUCT_BUNDLE_IDENTIFIER = "themark.MAS-hw1UITests";
				PRODUCT_NAME = "$(TARGET_NAME)";
				SWIFT_VERSION = 5.0;
				TARGETED_DEVICE_FAMILY = "1,2";
				TEST_TARGET_NAME = "MAS-hw1";
			};
			name = Release;
		};
/* End XCBuildConfiguration section */

/* Begin XCConfigurationList section */
		21CD4FB026EC4BB4009D9A6D /* Build configuration list for PBXProject "MAS-hw1" */ = {
			isa = XCConfigurationList;
			buildConfigurations = (
				21CD4FD826EC4BB6009D9A6D /* Debug */,
				21CD4FD926EC4BB6009D9A6D /* Release */,
			);
			defaultConfigurationIsVisible = 0;
			defaultConfigurationName = Release;
		};
		21CD4FDA26EC4BB6009D9A6D /* Build configuration list for PBXNativeTarget "MAS-hw1" */ = {
			isa = XCConfigurationList;
			buildConfigurations = (
				21CD4FDB26EC4BB6009D9A6D /* Debug */,
				21CD4FDC26EC4BB6009D9A6D /* Release */,
			);
			defaultConfigurationIsVisible = 0;
			defaultConfigurationName = Release;
		};
		21CD4FDD26EC4BB6009D9A6D /* Build configuration list for PBXNativeTarget "MAS-hw1Tests" */ = {
			isa = XCConfigurationList;
			buildConfigurations = (
				21CD4FDE26EC4BB6009D9A6D /* Debug */,
				21CD4FDF26EC4BB6009D9A6D /* Release */,
			);
			defaultConfigurationIsVisible = 0;
			defaultConfigurationName = Release;
		};
		21CD4FE026EC4BB6009D9A6D /* Build configuration list for PBXNativeTarget "MAS-hw1UITests" */ = {
			isa = XCConfigurationList;
			buildConfigurations = (
				21CD4FE126EC4BB6009D9A6D /* Debug */,
				21CD4FE226EC4BB6009D9A6D /* Release */,
			);
			defaultConfigurationIsVisible = 0;
			defaultConfigurationName = Release;
		};
/* End XCConfigurationList section */

/* Begin XCRemoteSwiftPackageReference section */
		78307BFA26EC691E00509E2A /* XCRemoteSwiftPackageReference "firebase-ios-sdk" */ = {
			isa = XCRemoteSwiftPackageReference;
			repositoryURL = "https://github.com/firebase/firebase-ios-sdk";
			requirement = {
				kind = upToNextMajorVersion;
				minimumVersion = 8.7.0;
			};
		};
/* End XCRemoteSwiftPackageReference section */

/* Begin XCSwiftPackageProductDependency section */
		78307BFB26EC691E00509E2A /* FirebaseFirestore */ = {
			isa = XCSwiftPackageProductDependency;
			package = 78307BFA26EC691E00509E2A /* XCRemoteSwiftPackageReference "firebase-ios-sdk" */;
			productName = FirebaseFirestore;
		};
		78307BFD26EC691E00509E2A /* FirebaseFirestoreSwift-Beta */ = {
			isa = XCSwiftPackageProductDependency;
			package = 78307BFA26EC691E00509E2A /* XCRemoteSwiftPackageReference "firebase-ios-sdk" */;
			productName = "FirebaseFirestoreSwift-Beta";
		};
/* End XCSwiftPackageProductDependency section */
	};
	rootObject = 21CD4FAD26EC4BB4009D9A6D /* Project object */;
}
